// !$*UTF8*$!
{
	archiveVersion = 1;
	classes = {
	};
	objectVersion = 56;
	objects = {

/* Begin PBXBuildFile section */
		375CFF332BBFBABB00175324 /* WeatherForecastApp.swift in Sources */ = {isa = PBXBuildFile; fileRef = 375CFF322BBFBABB00175324 /* WeatherForecastApp.swift */; };
		375CFF352BBFBABB00175324 /* ContentView.swift in Sources */ = {isa = PBXBuildFile; fileRef = 375CFF342BBFBABB00175324 /* ContentView.swift */; };
		375CFF372BBFBABB00175324 /* Assets.xcassets in Resources */ = {isa = PBXBuildFile; fileRef = 375CFF362BBFBABB00175324 /* Assets.xcassets */; };
		375CFF3A2BBFBABB00175324 /* Preview Assets.xcassets in Resources */ = {isa = PBXBuildFile; fileRef = 375CFF392BBFBABB00175324 /* Preview Assets.xcassets */; };
		375CFF442BBFBABB00175324 /* WeatherForecastTests.swift in Sources */ = {isa = PBXBuildFile; fileRef = 375CFF432BBFBABB00175324 /* WeatherForecastTests.swift */; };
		375CFF4E2BBFBABB00175324 /* WeatherForecastUITests.swift in Sources */ = {isa = PBXBuildFile; fileRef = 375CFF4D2BBFBABB00175324 /* WeatherForecastUITests.swift */; };
		375CFF502BBFBABB00175324 /* WeatherForecastUITestsLaunchTests.swift in Sources */ = {isa = PBXBuildFile; fileRef = 375CFF4F2BBFBABB00175324 /* WeatherForecastUITestsLaunchTests.swift */; };
		376EC7052BBFC17300264FF3 /* WelcomePage.swift in Sources */ = {isa = PBXBuildFile; fileRef = 376EC7042BBFC17300264FF3 /* WelcomePage.swift */; };
		376EC7072BBFCB5E00264FF3 /* FeaturesPage.swift in Sources */ = {isa = PBXBuildFile; fileRef = 376EC7062BBFCB5E00264FF3 /* FeaturesPage.swift */; };
		376EC70B2BBFCBE600264FF3 /* FeatureCard.swift in Sources */ = {isa = PBXBuildFile; fileRef = 376EC70A2BBFCBE600264FF3 /* FeatureCard.swift */; };
		376EC70D2BBFD20B00264FF3 /* DayForecast.swift in Sources */ = {isa = PBXBuildFile; fileRef = 376EC70C2BBFD20B00264FF3 /* DayForecast.swift */; };
/* End PBXBuildFile section */

/* Begin PBXContainerItemProxy section */
		375CFF402BBFBABB00175324 /* PBXContainerItemProxy */ = {
			isa = PBXContainerItemProxy;
			containerPortal = 375CFF272BBFBABB00175324 /* Project object */;
			proxyType = 1;
			remoteGlobalIDString = 375CFF2E2BBFBABB00175324;
			remoteInfo = WeatherForecast;
		};
		375CFF4A2BBFBABB00175324 /* PBXContainerItemProxy */ = {
			isa = PBXContainerItemProxy;
			containerPortal = 375CFF272BBFBABB00175324 /* Project object */;
			proxyType = 1;
			remoteGlobalIDString = 375CFF2E2BBFBABB00175324;
			remoteInfo = WeatherForecast;
		};
/* End PBXContainerItemProxy section */

/* Begin PBXFileReference section */
		375CFF2F2BBFBABB00175324 /* WeatherForecast.app */ = {isa = PBXFileReference; explicitFileType = wrapper.application; includeInIndex = 0; path = WeatherForecast.app; sourceTree = BUILT_PRODUCTS_DIR; };
		375CFF322BBFBABB00175324 /* WeatherForecastApp.swift */ = {isa = PBXFileReference; lastKnownFileType = sourcecode.swift; path = WeatherForecastApp.swift; sourceTree = "<group>"; };
		375CFF342BBFBABB00175324 /* ContentView.swift */ = {isa = PBXFileReference; lastKnownFileType = sourcecode.swift; path = ContentView.swift; sourceTree = "<group>"; };
		375CFF362BBFBABB00175324 /* Assets.xcassets */ = {isa = PBXFileReference; lastKnownFileType = folder.assetcatalog; path = Assets.xcassets; sourceTree = "<group>"; };
		375CFF392BBFBABB00175324 /* Preview Assets.xcassets */ = {isa = PBXFileReference; lastKnownFileType = folder.assetcatalog; path = "Preview Assets.xcassets"; sourceTree = "<group>"; };
		375CFF3F2BBFBABB00175324 /* WeatherForecastTests.xctest */ = {isa = PBXFileReference; explicitFileType = wrapper.cfbundle; includeInIndex = 0; path = WeatherForecastTests.xctest; sourceTree = BUILT_PRODUCTS_DIR; };
		375CFF432BBFBABB00175324 /* WeatherForecastTests.swift */ = {isa = PBXFileReference; lastKnownFileType = sourcecode.swift; path = WeatherForecastTests.swift; sourceTree = "<group>"; };
		375CFF492BBFBABB00175324 /* WeatherForecastUITests.xctest */ = {isa = PBXFileReference; explicitFileType = wrapper.cfbundle; includeInIndex = 0; path = WeatherForecastUITests.xctest; sourceTree = BUILT_PRODUCTS_DIR; };
		375CFF4D2BBFBABB00175324 /* WeatherForecastUITests.swift */ = {isa = PBXFileReference; lastKnownFileType = sourcecode.swift; path = WeatherForecastUITests.swift; sourceTree = "<group>"; };
		375CFF4F2BBFBABB00175324 /* WeatherForecastUITestsLaunchTests.swift */ = {isa = PBXFileReference; lastKnownFileType = sourcecode.swift; path = WeatherForecastUITestsLaunchTests.swift; sourceTree = "<group>"; };
		376EC7042BBFC17300264FF3 /* WelcomePage.swift */ = {isa = PBXFileReference; lastKnownFileType = sourcecode.swift; path = WelcomePage.swift; sourceTree = "<group>"; };
		376EC7062BBFCB5E00264FF3 /* FeaturesPage.swift */ = {isa = PBXFileReference; lastKnownFileType = sourcecode.swift; path = FeaturesPage.swift; sourceTree = "<group>"; };
		376EC70A2BBFCBE600264FF3 /* FeatureCard.swift */ = {isa = PBXFileReference; lastKnownFileType = sourcecode.swift; path = FeatureCard.swift; sourceTree = "<group>"; };
		376EC70C2BBFD20B00264FF3 /* DayForecast.swift */ = {isa = PBXFileReference; lastKnownFileType = sourcecode.swift; path = DayForecast.swift; sourceTree = "<group>"; };
/* End PBXFileReference section */

/* Begin PBXFrameworksBuildPhase section */
		375CFF2C2BBFBABB00175324 /* Frameworks */ = {
			isa = PBXFrameworksBuildPhase;
			buildActionMask = 2147483647;
			files = (
			);
			runOnlyForDeploymentPostprocessing = 0;
		};
		375CFF3C2BBFBABB00175324 /* Frameworks */ = {
			isa = PBXFrameworksBuildPhase;
			buildActionMask = 2147483647;
			files = (
			);
			runOnlyForDeploymentPostprocessing = 0;
		};
		375CFF462BBFBABB00175324 /* Frameworks */ = {
			isa = PBXFrameworksBuildPhase;
			buildActionMask = 2147483647;
			files = (
			);
			runOnlyForDeploymentPostprocessing = 0;
		};
/* End PBXFrameworksBuildPhase section */

/* Begin PBXGroup section */
		375CFF262BBFBABB00175324 = {
			isa = PBXGroup;
			children = (
				375CFF312BBFBABB00175324 /* WeatherForecast */,
				375CFF422BBFBABB00175324 /* WeatherForecastTests */,
				375CFF4C2BBFBABB00175324 /* WeatherForecastUITests */,
				375CFF302BBFBABB00175324 /* Products */,
			);
			sourceTree = "<group>";
		};
		375CFF302BBFBABB00175324 /* Products */ = {
			isa = PBXGroup;
			children = (
				375CFF2F2BBFBABB00175324 /* WeatherForecast.app */,
				375CFF3F2BBFBABB00175324 /* WeatherForecastTests.xctest */,
				375CFF492BBFBABB00175324 /* WeatherForecastUITests.xctest */,
			);
			name = Products;
			sourceTree = "<group>";
		};
		375CFF312BBFBABB00175324 /* WeatherForecast */ = {
			isa = PBXGroup;
			children = (
				375CFF322BBFBABB00175324 /* WeatherForecastApp.swift */,
				375CFF342BBFBABB00175324 /* ContentView.swift */,
				376EC70C2BBFD20B00264FF3 /* DayForecast.swift */,
				375CFF362BBFBABB00175324 /* Assets.xcassets */,
				375CFF382BBFBABB00175324 /* Preview Content */,
				376EC7042BBFC17300264FF3 /* WelcomePage.swift */,
				376EC7062BBFCB5E00264FF3 /* FeaturesPage.swift */,
				376EC70A2BBFCBE600264FF3 /* FeatureCard.swift */,
			);
			path = WeatherForecast;
			sourceTree = "<group>";
		};
		375CFF382BBFBABB00175324 /* Preview Content */ = {
			isa = PBXGroup;
			children = (
				375CFF392BBFBABB00175324 /* Preview Assets.xcassets */,
			);
			path = "Preview Content";
			sourceTree = "<group>";
		};
		375CFF422BBFBABB00175324 /* WeatherForecastTests */ = {
			isa = PBXGroup;
			children = (
				375CFF432BBFBABB00175324 /* WeatherForecastTests.swift */,
			);
			path = WeatherForecastTests;
			sourceTree = "<group>";
		};
		375CFF4C2BBFBABB00175324 /* WeatherForecastUITests */ = {
			isa = PBXGroup;
			children = (
				375CFF4D2BBFBABB00175324 /* WeatherForecastUITests.swift */,
				375CFF4F2BBFBABB00175324 /* WeatherForecastUITestsLaunchTests.swift */,
			);
			path = WeatherForecastUITests;
			sourceTree = "<group>";
		};
/* End PBXGroup section */

/* Begin PBXNativeTarget section */
		375CFF2E2BBFBABB00175324 /* WeatherForecast */ = {
			isa = PBXNativeTarget;
			buildConfigurationList = 375CFF532BBFBABB00175324 /* Build configuration list for PBXNativeTarget "WeatherForecast" */;
			buildPhases = (
				375CFF2B2BBFBABB00175324 /* Sources */,
				375CFF2C2BBFBABB00175324 /* Frameworks */,
				375CFF2D2BBFBABB00175324 /* Resources */,
			);
			buildRules = (
			);
			dependencies = (
			);
			name = WeatherForecast;
			productName = WeatherForecast;
			productReference = 375CFF2F2BBFBABB00175324 /* WeatherForecast.app */;
			productType = "com.apple.product-type.application";
		};
		375CFF3E2BBFBABB00175324 /* WeatherForecastTests */ = {
			isa = PBXNativeTarget;
			buildConfigurationList = 375CFF562BBFBABB00175324 /* Build configuration list for PBXNativeTarget "WeatherForecastTests" */;
			buildPhases = (
				375CFF3B2BBFBABB00175324 /* Sources */,
				375CFF3C2BBFBABB00175324 /* Frameworks */,
				375CFF3D2BBFBABB00175324 /* Resources */,
			);
			buildRules = (
			);
			dependencies = (
				375CFF412BBFBABB00175324 /* PBXTargetDependency */,
			);
			name = WeatherForecastTests;
			productName = WeatherForecastTests;
			productReference = 375CFF3F2BBFBABB00175324 /* WeatherForecastTests.xctest */;
			productType = "com.apple.product-type.bundle.unit-test";
		};
		375CFF482BBFBABB00175324 /* WeatherForecastUITests */ = {
			isa = PBXNativeTarget;
			buildConfigurationList = 375CFF592BBFBABB00175324 /* Build configuration list for PBXNativeTarget "WeatherForecastUITests" */;
			buildPhases = (
				375CFF452BBFBABB00175324 /* Sources */,
				375CFF462BBFBABB00175324 /* Frameworks */,
				375CFF472BBFBABB00175324 /* Resources */,
			);
			buildRules = (
			);
			dependencies = (
				375CFF4B2BBFBABB00175324 /* PBXTargetDependency */,
			);
			name = WeatherForecastUITests;
			productName = WeatherForecastUITests;
			productReference = 375CFF492BBFBABB00175324 /* WeatherForecastUITests.xctest */;
			productType = "com.apple.product-type.bundle.ui-testing";
		};
/* End PBXNativeTarget section */

/* Begin PBXProject section */
		375CFF272BBFBABB00175324 /* Project object */ = {
			isa = PBXProject;
			attributes = {
				BuildIndependentTargetsInParallel = 1;
				LastSwiftUpdateCheck = 1530;
				LastUpgradeCheck = 1530;
				TargetAttributes = {
					375CFF2E2BBFBABB00175324 = {
						CreatedOnToolsVersion = 15.3;
					};
					375CFF3E2BBFBABB00175324 = {
						CreatedOnToolsVersion = 15.3;
						TestTargetID = 375CFF2E2BBFBABB00175324;
					};
					375CFF482BBFBABB00175324 = {
						CreatedOnToolsVersion = 15.3;
						TestTargetID = 375CFF2E2BBFBABB00175324;
					};
				};
			};
			buildConfigurationList = 375CFF2A2BBFBABB00175324 /* Build configuration list for PBXProject "WeatherForecast" */;
			compatibilityVersion = "Xcode 14.0";
			developmentRegion = en;
			hasScannedForEncodings = 0;
			knownRegions = (
				en,
				Base,
			);
			mainGroup = 375CFF262BBFBABB00175324;
			productRefGroup = 375CFF302BBFBABB00175324 /* Products */;
			projectDirPath = "";
			projectRoot = "";
			targets = (
				375CFF2E2BBFBABB00175324 /* WeatherForecast */,
				375CFF3E2BBFBABB00175324 /* WeatherForecastTests */,
				375CFF482BBFBABB00175324 /* WeatherForecastUITests */,
			);
		};
/* End PBXProject section */

/* Begin PBXResourcesBuildPhase section */
		375CFF2D2BBFBABB00175324 /* Resources */ = {
			isa = PBXResourcesBuildPhase;
			buildActionMask = 2147483647;
			files = (
				375CFF3A2BBFBABB00175324 /* Preview Assets.xcassets in Resources */,
				375CFF372BBFBABB00175324 /* Assets.xcassets in Resources */,
			);
			runOnlyForDeploymentPostprocessing = 0;
		};
		375CFF3D2BBFBABB00175324 /* Resources */ = {
			isa = PBXResourcesBuildPhase;
			buildActionMask = 2147483647;
			files = (
			);
			runOnlyForDeploymentPostprocessing = 0;
		};
		375CFF472BBFBABB00175324 /* Resources */ = {
			isa = PBXResourcesBuildPhase;
			buildActionMask = 2147483647;
			files = (
			);
			runOnlyForDeploymentPostprocessing = 0;
		};
/* End PBXResourcesBuildPhase section */

/* Begin PBXSourcesBuildPhase section */
		375CFF2B2BBFBABB00175324 /* Sources */ = {
			isa = PBXSourcesBuildPhase;
			buildActionMask = 2147483647;
			files = (
				376EC7052BBFC17300264FF3 /* WelcomePage.swift in Sources */,
				376EC7072BBFCB5E00264FF3 /* FeaturesPage.swift in Sources */,
				375CFF352BBFBABB00175324 /* ContentView.swift in Sources */,
				375CFF332BBFBABB00175324 /* WeatherForecastApp.swift in Sources */,
				376EC70B2BBFCBE600264FF3 /* FeatureCard.swift in Sources */,
				376EC70D2BBFD20B00264FF3 /* DayForecast.swift in Sources */,
			);
			runOnlyForDeploymentPostprocessing = 0;
		};
		375CFF3B2BBFBABB00175324 /* Sources */ = {
			isa = PBXSourcesBuildPhase;
			buildActionMask = 2147483647;
			files = (
				375CFF442BBFBABB00175324 /* WeatherForecastTests.swift in Sources */,
			);
			runOnlyForDeploymentPostprocessing = 0;
		};
		375CFF452BBFBABB00175324 /* Sources */ = {
			isa = PBXSourcesBuildPhase;
			buildActionMask = 2147483647;
			files = (
				375CFF502BBFBABB00175324 /* WeatherForecastUITestsLaunchTests.swift in Sources */,
				375CFF4E2BBFBABB00175324 /* WeatherForecastUITests.swift in Sources */,
			);
			runOnlyForDeploymentPostprocessing = 0;
		};
/* End PBXSourcesBuildPhase section */

/* Begin PBXTargetDependency section */
		375CFF412BBFBABB00175324 /* PBXTargetDependency */ = {
			isa = PBXTargetDependency;
			target = 375CFF2E2BBFBABB00175324 /* WeatherForecast */;
			targetProxy = 375CFF402BBFBABB00175324 /* PBXContainerItemProxy */;
		};
		375CFF4B2BBFBABB00175324 /* PBXTargetDependency */ = {
			isa = PBXTargetDependency;
			target = 375CFF2E2BBFBABB00175324 /* WeatherForecast */;
			targetProxy = 375CFF4A2BBFBABB00175324 /* PBXContainerItemProxy */;
		};
/* End PBXTargetDependency section */

/* Begin XCBuildConfiguration section */
		375CFF512BBFBABB00175324 /* Debug */ = {
			isa = XCBuildConfiguration;
			buildSettings = {
				ALWAYS_SEARCH_USER_PATHS = NO;
				ASSETCATALOG_COMPILER_GENERATE_SWIFT_ASSET_SYMBOL_EXTENSIONS = YES;
				CLANG_ANALYZER_NONNULL = YES;
				CLANG_ANALYZER_NUMBER_OBJECT_CONVERSION = YES_AGGRESSIVE;
				CLANG_CXX_LANGUAGE_STANDARD = "gnu++20";
				CLANG_ENABLE_MODULES = YES;
				CLANG_ENABLE_OBJC_ARC = YES;
				CLANG_ENABLE_OBJC_WEAK = YES;
				CLANG_WARN_BLOCK_CAPTURE_AUTORELEASING = YES;
				CLANG_WARN_BOOL_CONVERSION = YES;
				CLANG_WARN_COMMA = YES;
				CLANG_WARN_CONSTANT_CONVERSION = YES;
				CLANG_WARN_DEPRECATED_OBJC_IMPLEMENTATIONS = YES;
				CLANG_WARN_DIRECT_OBJC_ISA_USAGE = YES_ERROR;
				CLANG_WARN_DOCUMENTATION_COMMENTS = YES;
				CLANG_WARN_EMPTY_BODY = YES;
				CLANG_WARN_ENUM_CONVERSION = YES;
				CLANG_WARN_INFINITE_RECURSION = YES;
				CLANG_WARN_INT_CONVERSION = YES;
				CLANG_WARN_NON_LITERAL_NULL_CONVERSION = YES;
				CLANG_WARN_OBJC_IMPLICIT_RETAIN_SELF = YES;
				CLANG_WARN_OBJC_LITERAL_CONVERSION = YES;
				CLANG_WARN_OBJC_ROOT_CLASS = YES_ERROR;
				CLANG_WARN_QUOTED_INCLUDE_IN_FRAMEWORK_HEADER = YES;
				CLANG_WARN_RANGE_LOOP_ANALYSIS = YES;
				CLANG_WARN_STRICT_PROTOTYPES = YES;
				CLANG_WARN_SUSPICIOUS_MOVE = YES;
				CLANG_WARN_UNGUARDED_AVAILABILITY = YES_AGGRESSIVE;
				CLANG_WARN_UNREACHABLE_CODE = YES;
				CLANG_WARN__DUPLICATE_METHOD_MATCH = YES;
				COPY_PHASE_STRIP = NO;
				DEBUG_INFORMATION_FORMAT = dwarf;
				ENABLE_STRICT_OBJC_MSGSEND = YES;
				ENABLE_TESTABILITY = YES;
				ENABLE_USER_SCRIPT_SANDBOXING = YES;
				GCC_C_LANGUAGE_STANDARD = gnu17;
				GCC_DYNAMIC_NO_PIC = NO;
				GCC_NO_COMMON_BLOCKS = YES;
				GCC_OPTIMIZATION_LEVEL = 0;
				GCC_PREPROCESSOR_DEFINITIONS = (
					"DEBUG=1",
					"$(inherited)",
				);
				GCC_WARN_64_TO_32_BIT_CONVERSION = YES;
				GCC_WARN_ABOUT_RETURN_TYPE = YES_ERROR;
				GCC_WARN_UNDECLARED_SELECTOR = YES;
				GCC_WARN_UNINITIALIZED_AUTOS = YES_AGGRESSIVE;
				GCC_WARN_UNUSED_FUNCTION = YES;
				GCC_WARN_UNUSED_VARIABLE = YES;
				IPHONEOS_DEPLOYMENT_TARGET = 17.4;
				LOCALIZATION_PREFERS_STRING_CATALOGS = YES;
				MTL_ENABLE_DEBUG_INFO = INCLUDE_SOURCE;
				MTL_FAST_MATH = YES;
				ONLY_ACTIVE_ARCH = YES;
				SDKROOT = iphoneos;
				SWIFT_ACTIVE_COMPILATION_CONDITIONS = "DEBUG $(inherited)";
				SWIFT_OPTIMIZATION_LEVEL = "-Onone";
			};
			name = Debug;
		};
		375CFF522BBFBABB00175324 /* Release */ = {
			isa = XCBuildConfiguration;
			buildSettings = {
				ALWAYS_SEARCH_USER_PATHS = NO;
				ASSETCATALOG_COMPILER_GENERATE_SWIFT_ASSET_SYMBOL_EXTENSIONS = YES;
				CLANG_ANALYZER_NONNULL = YES;
				CLANG_ANALYZER_NUMBER_OBJECT_CONVERSION = YES_AGGRESSIVE;
				CLANG_CXX_LANGUAGE_STANDARD = "gnu++20";
				CLANG_ENABLE_MODULES = YES;
				CLANG_ENABLE_OBJC_ARC = YES;
				CLANG_ENABLE_OBJC_WEAK = YES;
				CLANG_WARN_BLOCK_CAPTURE_AUTORELEASING = YES;
				CLANG_WARN_BOOL_CONVERSION = YES;
				CLANG_WARN_COMMA = YES;
				CLANG_WARN_CONSTANT_CONVERSION = YES;
				CLANG_WARN_DEPRECATED_OBJC_IMPLEMENTATIONS = YES;
				CLANG_WARN_DIRECT_OBJC_ISA_USAGE = YES_ERROR;
				CLANG_WARN_DOCUMENTATION_COMMENTS = YES;
				CLANG_WARN_EMPTY_BODY = YES;
				CLANG_WARN_ENUM_CONVERSION = YES;
				CLANG_WARN_INFINITE_RECURSION = YES;
				CLANG_WARN_INT_CONVERSION = YES;
				CLANG_WARN_NON_LITERAL_NULL_CONVERSION = YES;
				CLANG_WARN_OBJC_IMPLICIT_RETAIN_SELF = YES;
				CLANG_WARN_OBJC_LITERAL_CONVERSION = YES;
				CLANG_WARN_OBJC_ROOT_CLASS = YES_ERROR;
				CLANG_WARN_QUOTED_INCLUDE_IN_FRAMEWORK_HEADER = YES;
				CLANG_WARN_RANGE_LOOP_ANALYSIS = YES;
				CLANG_WARN_STRICT_PROTOTYPES = YES;
				CLANG_WARN_SUSPICIOUS_MOVE = YES;
				CLANG_WARN_UNGUARDED_AVAILABILITY = YES_AGGRESSIVE;
				CLANG_WARN_UNREACHABLE_CODE = YES;
				CLANG_WARN__DUPLICATE_METHOD_MATCH = YES;
				COPY_PHASE_STRIP = NO;
				DEBUG_INFORMATION_FORMAT = "dwarf-with-dsym";
				ENABLE_NS_ASSERTIONS = NO;
				ENABLE_STRICT_OBJC_MSGSEND = YES;
				ENABLE_USER_SCRIPT_SANDBOXING = YES;
				GCC_C_LANGUAGE_STANDARD = gnu17;
				GCC_NO_COMMON_BLOCKS = YES;
				GCC_WARN_64_TO_32_BIT_CONVERSION = YES;
				GCC_WARN_ABOUT_RETURN_TYPE = YES_ERROR;
				GCC_WARN_UNDECLARED_SELECTOR = YES;
				GCC_WARN_UNINITIALIZED_AUTOS = YES_AGGRESSIVE;
				GCC_WARN_UNUSED_FUNCTION = YES;
				GCC_WARN_UNUSED_VARIABLE = YES;
				IPHONEOS_DEPLOYMENT_TARGET = 17.4;
				LOCALIZATION_PREFERS_STRING_CATALOGS = YES;
				MTL_ENABLE_DEBUG_INFO = NO;
				MTL_FAST_MATH = YES;
				SDKROOT = iphoneos;
				SWIFT_COMPILATION_MODE = wholemodule;
				VALIDATE_PRODUCT = YES;
			};
			name = Release;
		};
		375CFF542BBFBABB00175324 /* Debug */ = {
			isa = XCBuildConfiguration;
			buildSettings = {
				ASSETCATALOG_COMPILER_APPICON_NAME = AppIcon;
				ASSETCATALOG_COMPILER_GLOBAL_ACCENT_COLOR_NAME = AccentColor;
				CODE_SIGN_STYLE = Automatic;
				CURRENT_PROJECT_VERSION = 1;
				DEVELOPMENT_ASSET_PATHS = "\"WeatherForecast/Preview Content\"";
				DEVELOPMENT_TEAM = SY2QD2TBWD;
				ENABLE_PREVIEWS = YES;
				GENERATE_INFOPLIST_FILE = YES;
				INFOPLIST_KEY_UIApplicationSceneManifest_Generation = YES;
				INFOPLIST_KEY_UIApplicationSupportsIndirectInputEvents = YES;
				INFOPLIST_KEY_UILaunchScreen_Generation = YES;
				INFOPLIST_KEY_UISupportedInterfaceOrientations_iPad = "UIInterfaceOrientationPortrait UIInterfaceOrientationPortraitUpsideDown UIInterfaceOrientationLandscapeLeft UIInterfaceOrientationLandscapeRight";
				INFOPLIST_KEY_UISupportedInterfaceOrientations_iPhone = "UIInterfaceOrientationPortrait UIInterfaceOrientationLandscapeLeft UIInterfaceOrientationLandscapeRight";
				LD_RUNPATH_SEARCH_PATHS = (
					"$(inherited)",
					"@executable_path/Frameworks",
				);
				MARKETING_VERSION = 1.0;
				PRODUCT_BUNDLE_IDENTIFIER = name.nicolasbracigliano.WeatherForecast;
				PRODUCT_NAME = "$(TARGET_NAME)";
				SWIFT_EMIT_LOC_STRINGS = YES;
				SWIFT_VERSION = 5.0;
				TARGETED_DEVICE_FAMILY = "1,2";
			};
			name = Debug;
		};
		375CFF552BBFBABB00175324 /* Release */ = {
			isa = XCBuildConfiguration;
			buildSettings = {
				ASSETCATALOG_COMPILER_APPICON_NAME = AppIcon;
				ASSETCATALOG_COMPILER_GLOBAL_ACCENT_COLOR_NAME = AccentColor;
				CODE_SIGN_STYLE = Automatic;
				CURRENT_PROJECT_VERSION = 1;
				DEVELOPMENT_ASSET_PATHS = "\"WeatherForecast/Preview Content\"";
				DEVELOPMENT_TEAM = SY2QD2TBWD;
				ENABLE_PREVIEWS = YES;
				GENERATE_INFOPLIST_FILE = YES;
				INFOPLIST_KEY_UIApplicationSceneManifest_Generation = YES;
				INFOPLIST_KEY_UIApplicationSupportsIndirectInputEvents = YES;
				INFOPLIST_KEY_UILaunchScreen_Generation = YES;
				INFOPLIST_KEY_UISupportedInterfaceOrientations_iPad = "UIInterfaceOrientationPortrait UIInterfaceOrientationPortraitUpsideDown UIInterfaceOrientationLandscapeLeft UIInterfaceOrientationLandscapeRight";
				INFOPLIST_KEY_UISupportedInterfaceOrientations_iPhone = "UIInterfaceOrientationPortrait UIInterfaceOrientationLandscapeLeft UIInterfaceOrientationLandscapeRight";
				LD_RUNPATH_SEARCH_PATHS = (
					"$(inherited)",
					"@executable_path/Frameworks",
				);
				MARKETING_VERSION = 1.0;
				PRODUCT_BUNDLE_IDENTIFIER = name.nicolasbracigliano.WeatherForecast;
				PRODUCT_NAME = "$(TARGET_NAME)";
				SWIFT_EMIT_LOC_STRINGS = YES;
				SWIFT_VERSION = 5.0;
				TARGETED_DEVICE_FAMILY = "1,2";
			};
			name = Release;
		};
		375CFF572BBFBABB00175324 /* Debug */ = {
			isa = XCBuildConfiguration;
			buildSettings = {
				ALWAYS_EMBED_SWIFT_STANDARD_LIBRARIES = YES;
				BUNDLE_LOADER = "$(TEST_HOST)";
				CODE_SIGN_STYLE = Automatic;
				CURRENT_PROJECT_VERSION = 1;
				DEVELOPMENT_TEAM = SY2QD2TBWD;
				GENERATE_INFOPLIST_FILE = YES;
				IPHONEOS_DEPLOYMENT_TARGET = 17.4;
				MARKETING_VERSION = 1.0;
				PRODUCT_BUNDLE_IDENTIFIER = name.nicolasbracigliano.WeatherForecastTests;
				PRODUCT_NAME = "$(TARGET_NAME)";
				SWIFT_EMIT_LOC_STRINGS = NO;
				SWIFT_VERSION = 5.0;
				TARGETED_DEVICE_FAMILY = "1,2";
				TEST_HOST = "$(BUILT_PRODUCTS_DIR)/WeatherForecast.app/$(BUNDLE_EXECUTABLE_FOLDER_PATH)/WeatherForecast";
			};
			name = Debug;
		};
		375CFF582BBFBABB00175324 /* Release */ = {
			isa = XCBuildConfiguration;
			buildSettings = {
				ALWAYS_EMBED_SWIFT_STANDARD_LIBRARIES = YES;
				BUNDLE_LOADER = "$(TEST_HOST)";
				CODE_SIGN_STYLE = Automatic;
				CURRENT_PROJECT_VERSION = 1;
				DEVELOPMENT_TEAM = SY2QD2TBWD;
				GENERATE_INFOPLIST_FILE = YES;
				IPHONEOS_DEPLOYMENT_TARGET = 17.4;
				MARKETING_VERSION = 1.0;
				PRODUCT_BUNDLE_IDENTIFIER = name.nicolasbracigliano.WeatherForecastTests;
				PRODUCT_NAME = "$(TARGET_NAME)";
				SWIFT_EMIT_LOC_STRINGS = NO;
				SWIFT_VERSION = 5.0;
				TARGETED_DEVICE_FAMILY = "1,2";
				TEST_HOST = "$(BUILT_PRODUCTS_DIR)/WeatherForecast.app/$(BUNDLE_EXECUTABLE_FOLDER_PATH)/WeatherForecast";
			};
			name = Release;
		};
		375CFF5A2BBFBABB00175324 /* Debug */ = {
			isa = XCBuildConfiguration;
			buildSettings = {
				ALWAYS_EMBED_SWIFT_STANDARD_LIBRARIES = YES;
				CODE_SIGN_STYLE = Automatic;
				CURRENT_PROJECT_VERSION = 1;
				DEVELOPMENT_TEAM = SY2QD2TBWD;
				GENERATE_INFOPLIST_FILE = YES;
				MARKETING_VERSION = 1.0;
				PRODUCT_BUNDLE_IDENTIFIER = name.nicolasbracigliano.WeatherForecastUITests;
				PRODUCT_NAME = "$(TARGET_NAME)";
				SWIFT_EMIT_LOC_STRINGS = NO;
				SWIFT_VERSION = 5.0;
				TARGETED_DEVICE_FAMILY = "1,2";
				TEST_TARGET_NAME = WeatherForecast;
			};
			name = Debug;
		};
		375CFF5B2BBFBABB00175324 /* Release */ = {
			isa = XCBuildConfiguration;
			buildSettings = {
				ALWAYS_EMBED_SWIFT_STANDARD_LIBRARIES = YES;
				CODE_SIGN_STYLE = Automatic;
				CURRENT_PROJECT_VERSION = 1;
				DEVELOPMENT_TEAM = SY2QD2TBWD;
				GENERATE_INFOPLIST_FILE = YES;
				MARKETING_VERSION = 1.0;
				PRODUCT_BUNDLE_IDENTIFIER = name.nicolasbracigliano.WeatherForecastUITests;
				PRODUCT_NAME = "$(TARGET_NAME)";
				SWIFT_EMIT_LOC_STRINGS = NO;
				SWIFT_VERSION = 5.0;
				TARGETED_DEVICE_FAMILY = "1,2";
				TEST_TARGET_NAME = WeatherForecast;
			};
			name = Release;
		};
/* End XCBuildConfiguration section */

/* Begin XCConfigurationList section */
		375CFF2A2BBFBABB00175324 /* Build configuration list for PBXProject "WeatherForecast" */ = {
			isa = XCConfigurationList;
			buildConfigurations = (
				375CFF512BBFBABB00175324 /* Debug */,
				375CFF522BBFBABB00175324 /* Release */,
			);
			defaultConfigurationIsVisible = 0;
			defaultConfigurationName = Release;
		};
		375CFF532BBFBABB00175324 /* Build configuration list for PBXNativeTarget "WeatherForecast" */ = {
			isa = XCConfigurationList;
			buildConfigurations = (
				375CFF542BBFBABB00175324 /* Debug */,
				375CFF552BBFBABB00175324 /* Release */,
			);
			defaultConfigurationIsVisible = 0;
			defaultConfigurationName = Release;
		};
		375CFF562BBFBABB00175324 /* Build configuration list for PBXNativeTarget "WeatherForecastTests" */ = {
			isa = XCConfigurationList;
			buildConfigurations = (
				375CFF572BBFBABB00175324 /* Debug */,
				375CFF582BBFBABB00175324 /* Release */,
			);
			defaultConfigurationIsVisible = 0;
			defaultConfigurationName = Release;
		};
		375CFF592BBFBABB00175324 /* Build configuration list for PBXNativeTarget "WeatherForecastUITests" */ = {
			isa = XCConfigurationList;
			buildConfigurations = (
				375CFF5A2BBFBABB00175324 /* Debug */,
				375CFF5B2BBFBABB00175324 /* Release */,
			);
			defaultConfigurationIsVisible = 0;
			defaultConfigurationName = Release;
		};
/* End XCConfigurationList section */
	};
	rootObject = 375CFF272BBFBABB00175324 /* Project object */;
}
